Microsoft Visual Studio Solution File, Format Version 12.00
# Visual Studio Version 16
VisualStudioVersion = 16.0.0.0
MinimumVisualStudioVersion = 16.0.0.0
Project("{9A19103F-16F7-4668-BE54-9A1E7A4F7556}") = "Hnpwa.Server", "Server\Hnpwa.Server.csproj", "{CCDA6917-D258-46A9-9F9D-4B7AE43C6319}"
EndProject
Project("{9A19103F-16F7-4668-BE54-9A1E7A4F7556}") = "Hnpwa.Client", "Client\Hnpwa.Client.csproj", "{754782A1-FE02-4CEB-B0ED-41EC0F85D690}"
EndProject
Project("{9A19103F-16F7-4668-BE54-9A1E7A4F7556}") = "Hnpwa.Shared", "Shared\Hnpwa.Shared.csproj", "{66CCE5D0-D276-4D7A-AB23-32998FD7CA70}"
EndProject
Global
	GlobalSection(SolutionConfigurationPlatforms) = preSolution
		Debug|Any CPU = Debug|Any CPU
		Debug|x64 = Debug|x64
		Debug|x86 = Debug|x86
		Release|Any CPU = Release|Any CPU
		Release|x64 = Release|x64
		Release|x86 = Release|x86
	EndGlobalSection
	GlobalSection(ProjectConfigurationPlatforms) = postSolution
		{754782A1-FE02-4CEB-B0ED-41EC0F85D690}.Debug|Any CPU.ActiveCfg = Debug|Any CPU
		{754782A1-FE02-4CEB-B0ED-41EC0F85D690}.Debug|Any CPU.Build.0 = Debug|Any CPU
		{754782A1-FE02-4CEB-B0ED-41EC0F85D690}.Debug|x64.ActiveCfg = Debug|Any CPU
		{754782A1-FE02-4CEB-B0ED-41EC0F85D690}.Debug|x64.Build.0 = Debug|Any CPU
		{754782A1-FE02-4CEB-B0ED-41EC0F85D690}.Debug|x86.ActiveCfg = Debug|Any CPU
		{754782A1-FE02-4CEB-B0ED-41EC0F85D690}.Debug|x86.Build.0 = Debug|Any CPU
		{754782A1-FE02-4CEB-B0ED-41EC0F85D690}.Release|Any CPU.ActiveCfg = Release|Any CPU
		{754782A1-FE02-4CEB-B0ED-41EC0F85D690}.Release|Any CPU.Build.0 = Release|Any CPU
		{754782A1-FE02-4CEB-B0ED-41EC0F85D690}.Release|x64.ActiveCfg = Release|Any CPU
		{754782A1-FE02-4CEB-B0ED-41EC0F85D690}.Release|x64.Build.0 = Release|Any CPU
		{754782A1-FE02-4CEB-B0ED-41EC0F85D690}.Release|x86.ActiveCfg = Release|Any CPU
		{754782A1-FE02-4CEB-B0ED-41EC0F85D690}.Release|x86.Build.0 = Release|Any CPU
		{CCDA6917-D258-46A9-9F9D-4B7AE43C6319}.Debug|Any CPU.ActiveCfg = Debug|Any CPU
		{CCDA6917-D258-46A9-9F9D-4B7AE43C6319}.Debug|Any CPU.Build.0 = Debug|Any CPU
		{CCDA6917-D258-46A9-9F9D-4B7AE43C6319}.Debug|x64.ActiveCfg = Debug|Any CPU
		{CCDA6917-D258-46A9-9F9D-4B7AE43C6319}.Debug|x64.Build.0 = Debug|Any CPU
		{CCDA6917-D258-46A9-9F9D-4B7AE43C6319}.Debug|x86.ActiveCfg = Debug|Any CPU
		{CCDA6917-D258-46A9-9F9D-4B7AE43C6319}.Debug|x86.Build.0 = Debug|Any CPU
		{CCDA6917-D258-46A9-9F9D-4B7AE43C6319}.Release|Any CPU.ActiveCfg = Release|Any CPU
		{CCDA6917-D258-46A9-9F9D-4B7AE43C6319}.Release|Any CPU.Build.0 = Release|Any CPU
		{CCDA6917-D258-46A9-9F9D-4B7AE43C6319}.Release|x64.ActiveCfg = Release|Any CPU
		{CCDA6917-D258-46A9-9F9D-4B7AE43C6319}.Release|x64.Build.0 = Release|Any CPU
		{CCDA6917-D258-46A9-9F9D-4B7AE43C6319}.Release|x86.ActiveCfg = Release|Any CPU
		{CCDA6917-D258-46A9-9F9D-4B7AE43C6319}.Release|x86.Build.0 = Release|Any CPU
		{66CCE5D0-D276-4D7A-AB23-32998FD7CA70}.Debug|Any CPU.ActiveCfg = Debug|Any CPU
		{66CCE5D0-D276-4D7A-AB23-32998FD7CA70}.Debug|Any CPU.Build.0 = Debug|Any CPU
		{66CCE5D0-D276-4D7A-AB23-32998FD7CA70}.Debug|x64.ActiveCfg = Debug|Any CPU
		{66CCE5D0-D276-4D7A-AB23-32998FD7CA70}.Debug|x64.Build.0 = Debug|Any CPU
		{66CCE5D0-D276-4D7A-AB23-32998FD7CA70}.Debug|x86.ActiveCfg = Debug|Any CPU
		{66CCE5D0-D276-4D7A-AB23-32998FD7CA70}.Debug|x86.Build.0 = Debug|Any CPU
		{66CCE5D0-D276-4D7A-AB23-32998FD7CA70}.Release|Any CPU.ActiveCfg = Release|Any CPU
		{66CCE5D0-D276-4D7A-AB23-32998FD7CA70}.Release|Any CPU.Build.0 = Release|Any CPU
		{66CCE5D0-D276-4D7A-AB23-32998FD7CA70}.Release|x64.ActiveCfg = Release|Any CPU
		{66CCE5D0-D276-4D7A-AB23-32998FD7CA70}.Release|x64.Build.0 = Release|Any CPU
		{66CCE5D0-D276-4D7A-AB23-32998FD7CA70}.Release|x86.ActiveCfg = Release|Any CPU
		{66CCE5D0-D276-4D7A-AB23-32998FD7CA70}.Release|x86.Build.0 = Release|Any CPU
	EndGlobalSection
	GlobalSection(SolutionProperties) = preSolution
		HideSolutionNode = FALSE
	EndGlobalSection
	GlobalSection(ExtensibilityGlobals) = postSolution
		SolutionGuid = {99593B0E-B64B-4069-93AD-F01C8C66C77A}
	EndGlobalSection
EndGlobal